
Microsoft Visual Studio Solution File, Format Version 12.00
# Visual Studio 14
VisualStudioVersion = 14.0.23107.0
MinimumVisualStudioVersion = 10.0.40219.1
Project("{FAE04EC0-301F-11D3-BF4B-00C04F79EFBC}") = "MessageQueueReceiver", "MessageQueueReceiver\MessageQueueReceiver.csproj", "{6B24E69A-A806-482A-AC85-1EC78CEEA83E}"
EndProject
Project("{FAE04EC0-301F-11D3-BF4B-00C04F79EFBC}") = "MessageQueueSender", "MessageQueueSender\MessageQueueSender.csproj", "{A90E609A-B110-4C83-AA08-0FA0B1D99894}"
EndProject
Project("{FAE04EC0-301F-11D3-BF4B-00C04F79EFBC}") = "CloudServices.Common", "CloudServices.Common\CloudServices.Common.csproj", "{7B9F2637-93F7-49B9-A7AC-B35133E75DA5}"
EndProject
Project("{FAE04EC0-301F-11D3-BF4B-00C04F79EFBC}") = "ForAppHarborService", "ForAppHarborService\ForAppHarborService.csproj", "{D2D19D1C-4B28-4BBB-8364-0847B32EB739}"
EndProject
Global
	GlobalSection(SolutionConfigurationPlatforms) = preSolution
		Debug|Any CPU = Debug|Any CPU
		Release|Any CPU = Release|Any CPU
	EndGlobalSection
	GlobalSection(ProjectConfigurationPlatforms) = postSolution
		{6B24E69A-A806-482A-AC85-1EC78CEEA83E}.Debug|Any CPU.ActiveCfg = Debug|Any CPU
		{6B24E69A-A806-482A-AC85-1EC78CEEA83E}.Debug|Any CPU.Build.0 = Debug|Any CPU
		{6B24E69A-A806-482A-AC85-1EC78CEEA83E}.Release|Any CPU.ActiveCfg = Release|Any CPU
		{6B24E69A-A806-482A-AC85-1EC78CEEA83E}.Release|Any CPU.Build.0 = Release|Any CPU
		{A90E609A-B110-4C83-AA08-0FA0B1D99894}.Debug|Any CPU.ActiveCfg = Debug|Any CPU
		{A90E609A-B110-4C83-AA08-0FA0B1D99894}.Debug|Any CPU.Build.0 = Debug|Any CPU
		{A90E609A-B110-4C83-AA08-0FA0B1D99894}.Release|Any CPU.ActiveCfg = Release|Any CPU
		{A90E609A-B110-4C83-AA08-0FA0B1D99894}.Release|Any CPU.Build.0 = Release|Any CPU
		{7B9F2637-93F7-49B9-A7AC-B35133E75DA5}.Debug|Any CPU.ActiveCfg = Debug|Any CPU
		{7B9F2637-93F7-49B9-A7AC-B35133E75DA5}.Debug|Any CPU.Build.0 = Debug|Any CPU
		{7B9F2637-93F7-49B9-A7AC-B35133E75DA5}.Release|Any CPU.ActiveCfg = Release|Any CPU
		{7B9F2637-93F7-49B9-A7AC-B35133E75DA5}.Release|Any CPU.Build.0 = Release|Any CPU
		{D2D19D1C-4B28-4BBB-8364-0847B32EB739}.Debug|Any CPU.ActiveCfg = Debug|Any CPU
		{D2D19D1C-4B28-4BBB-8364-0847B32EB739}.Debug|Any CPU.Build.0 = Debug|Any CPU
		{D2D19D1C-4B28-4BBB-8364-0847B32EB739}.Release|Any CPU.ActiveCfg = Release|Any CPU
		{D2D19D1C-4B28-4BBB-8364-0847B32EB739}.Release|Any CPU.Build.0 = Release|Any CPU
	EndGlobalSection
	GlobalSection(SolutionProperties) = preSolution
		HideSolutionNode = FALSE
	EndGlobalSection
EndGlobal
